
Microsoft Visual Studio Solution File, Format Version 12.00
# Visual Studio Version 16
VisualStudioVersion = 16.0.32510.428
MinimumVisualStudioVersion = 10.0.40219.1
Project("{FAE04EC0-301F-11D3-BF4B-00C04F79EFBC}") = "Jwt", "Jwt\Jwt.csproj", "{C65FF8CC-2322-4693-B447-FACEB7584203}"
EndProject
Global
	GlobalSection(SolutionConfigurationPlatforms) = preSolution
		Debug|Any CPU = Debug|Any CPU
		Release|Any CPU = Release|Any CPU
	EndGlobalSection
	GlobalSection(ProjectConfigurationPlatforms) = postSolution
		{C65FF8CC-2322-4693-B447-FACEB7584203}.Debug|Any CPU.ActiveCfg = Debug|Any CPU
		{C65FF8CC-2322-4693-B447-FACEB7584203}.Debug|Any CPU.Build.0 = Debug|Any CPU
		{C65FF8CC-2322-4693-B447-FACEB7584203}.Release|Any CPU.ActiveCfg = Release|Any CPU
		{C65FF8CC-2322-4693-B447-FACEB7584203}.Release|Any CPU.Build.0 = Release|Any CPU
	EndGlobalSection
	GlobalSection(SolutionProperties) = preSolution
		HideSolutionNode = FALSE
	EndGlobalSection
	GlobalSection(ExtensibilityGlobals) = postSolution
		SolutionGuid = {146E5F1E-03B5-4BDF-9087-5E2BAAC1941D}
	EndGlobalSection
EndGlobal
